PODS:
  - Fuzi (3.1.2)
  - Minizip (1.0.0)
  - R2Shared (2.0.0-alpha.1):
    - Fuzi
    - Minizip

DEPENDENCIES:
  - Fuzi (= 3.1.2)
  - R2Shared (from `https://github.com/readium/r2-shared-swift.git`, tag `2.0.0-alpha.1`)

SPEC REPOS:
  https://github.com/CocoaPods/Specs.git:
    - Fuzi
    - Minizip

EXTERNAL SOURCES:
  R2Shared:
    :git: https://github.com/readium/r2-shared-swift.git
    :tag: 2.0.0-alpha.1

CHECKOUT OPTIONS:
  R2Shared:
    :git: https://github.com/readium/r2-shared-swift.git
    :tag: 2.0.0-alpha.1

SPEC CHECKSUMS:
  Fuzi: dba7215e52fb39dd7b1a62f69ede1e30edff0ae1
  Minizip: 188cb3e39a1195c283ae03bf673d182596fefd0b
  R2Shared: 2f69496d6b7eabde426519646930695bd2ab5b66

PODFILE CHECKSUM: b8053c3f2c846ccb1b5e440f3b18a363f10eca55

COCOAPODS: 1.9.1
