PODS:
  - Fuzi (3.1.2)
  - Minizip (1.0.0)
  - R2Shared (2.0.0-alpha.1):
    - Fuzi (= 3.1.2)
    - Minizip (= 1.0.0)

DEPENDENCIES:
  - Fuzi (= 3.1.2)
  - R2Shared (from `https://github.com/ubook-editora/r2-shared-swift.git`, tag `2.0.0-alpha.1-fix.1`)

SPEC REPOS:
  https://github.com/CocoaPods/Specs.git:
    - Fuzi
    - Minizip

EXTERNAL SOURCES:
  R2Shared:
    :git: https://github.com/ubook-editora/r2-shared-swift.git
    :tag: 2.0.0-alpha.1-fix.1

CHECKOUT OPTIONS:
  R2Shared:
    :git: https://github.com/ubook-editora/r2-shared-swift.git
    :tag: 2.0.0-alpha.1-fix.1

SPEC CHECKSUMS:
  Fuzi: dba7215e52fb39dd7b1a62f69ede1e30edff0ae1
  Minizip: 188cb3e39a1195c283ae03bf673d182596fefd0b
  R2Shared: bda2f8596806bea8bf6850ba30d57344d455317d

PODFILE CHECKSUM: 33a4dfa1ee63e04a6def198e08f67d563b38dc70

COCOAPODS: 1.9.1
